
Microsoft Visual Studio Solution File, Format Version 12.00
# Visual Studio 15
VisualStudioVersion = 15.0.28307.168
MinimumVisualStudioVersion = 10.0.40219.1
Project("{FAE04EC0-301F-11D3-BF4B-00C04F79EFBC}") = "DocExtension", "DocExtension\DocExtension.csproj", "{1377B665-6255-47F2-92D7-F4E71CA90502}"
EndProject
Global
	GlobalSection(SolutionConfigurationPlatforms) = preSolution
		Debug|Any CPU = Debug|Any CPU
		Release|Any CPU = Release|Any CPU
	EndGlobalSection
	GlobalSection(ProjectConfigurationPlatforms) = postSolution
		{1377B665-6255-47F2-92D7-F4E71CA90502}.Debug|Any CPU.ActiveCfg = Debug|Any CPU
		{1377B665-6255-47F2-92D7-F4E71CA90502}.Debug|Any CPU.Build.0 = Debug|Any CPU
		{1377B665-6255-47F2-92D7-F4E71CA90502}.Release|Any CPU.ActiveCfg = Release|Any CPU
		{1377B665-6255-47F2-92D7-F4E71CA90502}.Release|Any CPU.Build.0 = Release|Any CPU
	EndGlobalSection
	GlobalSection(SolutionProperties) = preSolution
		HideSolutionNode = FALSE
	EndGlobalSection
	GlobalSection(ExtensibilityGlobals) = postSolution
		SolutionGuid = {154F8104-0539-4777-B2F7-4B68CB189ED8}
	EndGlobalSection
	GlobalSection(TeamFoundationVersionControl) = preSolution
		SccNumberOfProjects = 2
		SccEnterpriseProvider = {4CA58AB2-18FA-4F8D-95D4-32DDF27D184C}
		SccTeamFoundationServer = https://tfs.primaverabss.com/tfs/p.tec.teams
		SccLocalPath0 = .
		SccProjectUniqueName1 = DocExtension\\DocExtension.csproj
		SccProjectName1 = DocExtension
		SccLocalPath1 = DocExtension
	EndGlobalSection
EndGlobal
