
Microsoft Visual Studio Solution File, Format Version 12.00
# Visual Studio 15
VisualStudioVersion = 15.0.28307.168
MinimumVisualStudioVersion = 10.0.40219.1
Project("{FAE04EC0-301F-11D3-BF4B-00C04F79EFBC}") = "GlobalSist.JobExtension.Job", "JobExtension\GlobalSist.JobExtension.Job.csproj", "{6C0533C9-041F-476D-8A26-5CD2068D07D3}"
EndProject
Global
	GlobalSection(SolutionConfigurationPlatforms) = preSolution
		Debug|Any CPU = Debug|Any CPU
		Release|Any CPU = Release|Any CPU
	EndGlobalSection
	GlobalSection(ProjectConfigurationPlatforms) = postSolution
		{6C0533C9-041F-476D-8A26-5CD2068D07D3}.Debug|Any CPU.ActiveCfg = Debug|Any CPU
		{6C0533C9-041F-476D-8A26-5CD2068D07D3}.Debug|Any CPU.Build.0 = Debug|Any CPU
		{6C0533C9-041F-476D-8A26-5CD2068D07D3}.Release|Any CPU.ActiveCfg = Release|Any CPU
		{6C0533C9-041F-476D-8A26-5CD2068D07D3}.Release|Any CPU.Build.0 = Release|Any CPU
	EndGlobalSection
	GlobalSection(SolutionProperties) = preSolution
		HideSolutionNode = FALSE
	EndGlobalSection
	GlobalSection(ExtensibilityGlobals) = postSolution
		SolutionGuid = {8D9283D7-78B8-443D-B49C-A0AB5F55F3F7}
	EndGlobalSection
	GlobalSection(TeamFoundationVersionControl) = preSolution
		SccNumberOfProjects = 2
		SccEnterpriseProvider = {4CA58AB2-18FA-4F8D-95D4-32DDF27D184C}
		SccTeamFoundationServer = https://tfs.primaverabss.com/tfs/p.tec.teams
		SccLocalPath0 = .
		SccProjectUniqueName1 = JobExtension\\GlobalSist.JobExtension.Job.csproj
		SccProjectName1 = JobExtension
		SccLocalPath1 = JobExtension
	EndGlobalSection
EndGlobal
