
Microsoft Visual Studio Solution File, Format Version 12.00
# Visual Studio 15
VisualStudioVersion = 15.0.28307.168
MinimumVisualStudioVersion = 10.0.40219.1
Project("{FAE04EC0-301F-11D3-BF4B-00C04F79EFBC}") = "InventoryExtension", "InventoryExtension\InventoryExtension.csproj", "{723E48CA-5A95-48BE-B754-2D4169AE72AB}"
EndProject
Global
	GlobalSection(SolutionConfigurationPlatforms) = preSolution
		Debug|Any CPU = Debug|Any CPU
		Release|Any CPU = Release|Any CPU
	EndGlobalSection
	GlobalSection(ProjectConfigurationPlatforms) = postSolution
		{723E48CA-5A95-48BE-B754-2D4169AE72AB}.Debug|Any CPU.ActiveCfg = Debug|Any CPU
		{723E48CA-5A95-48BE-B754-2D4169AE72AB}.Debug|Any CPU.Build.0 = Debug|Any CPU
		{723E48CA-5A95-48BE-B754-2D4169AE72AB}.Release|Any CPU.ActiveCfg = Release|Any CPU
		{723E48CA-5A95-48BE-B754-2D4169AE72AB}.Release|Any CPU.Build.0 = Release|Any CPU
	EndGlobalSection
	GlobalSection(SolutionProperties) = preSolution
		HideSolutionNode = FALSE
	EndGlobalSection
	GlobalSection(ExtensibilityGlobals) = postSolution
		SolutionGuid = {0D273BD3-8F5A-40CF-A41A-8BCCA88EC440}
	EndGlobalSection
	GlobalSection(TeamFoundationVersionControl) = preSolution
		SccNumberOfProjects = 2
		SccEnterpriseProvider = {4CA58AB2-18FA-4F8D-95D4-32DDF27D184C}
		SccTeamFoundationServer = https://tfs.primaverabss.com/tfs/p.tec.teams
		SccLocalPath0 = .
		SccProjectUniqueName1 = InventoryExtension\\InventoryExtension.csproj
		SccProjectName1 = InventoryExtension
		SccLocalPath1 = InventoryExtension
	EndGlobalSection
EndGlobal
